
Microsoft Visual Studio Solution File, Format Version 12.00
# Visual Studio Version 17
VisualStudioVersion = 17.11.35312.102
MinimumVisualStudioVersion = 10.0.40219.1
Project("{8BC9CEB8-8B4A-11D0-8D11-00A0C91BC942}") = "lecture2", "lecture2\lecture2.vcxproj", "{B079D160-9F76-4EB3-8AE7-9F4FCA392F72}"
EndProject
Global
	GlobalSection(SolutionConfigurationPlatforms) = preSolution
		Debug|x64 = Debug|x64
		Debug|x86 = Debug|x86
		Release|x64 = Release|x64
		Release|x86 = Release|x86
	EndGlobalSection
	GlobalSection(ProjectConfigurationPlatforms) = postSolution
		{B079D160-9F76-4EB3-8AE7-9F4FCA392F72}.Debug|x64.ActiveCfg = Debug|x64
		{B079D160-9F76-4EB3-8AE7-9F4FCA392F72}.Debug|x64.Build.0 = Debug|x64
		{B079D160-9F76-4EB3-8AE7-9F4FCA392F72}.Debug|x86.ActiveCfg = Debug|Win32
		{B079D160-9F76-4EB3-8AE7-9F4FCA392F72}.Debug|x86.Build.0 = Debug|Win32
		{B079D160-9F76-4EB3-8AE7-9F4FCA392F72}.Release|x64.ActiveCfg = Release|x64
		{B079D160-9F76-4EB3-8AE7-9F4FCA392F72}.Release|x64.Build.0 = Release|x64
		{B079D160-9F76-4EB3-8AE7-9F4FCA392F72}.Release|x86.ActiveCfg = Release|Win32
		{B079D160-9F76-4EB3-8AE7-9F4FCA392F72}.Release|x86.Build.0 = Release|Win32
	EndGlobalSection
	GlobalSection(SolutionProperties) = preSolution
		HideSolutionNode = FALSE
	EndGlobalSection
	GlobalSection(ExtensibilityGlobals) = postSolution
		SolutionGuid = {AAEFA3CB-4C39-4A4F-95DB-5119319E1886}
	EndGlobalSection
EndGlobal
